
Microsoft Visual Studio Solution File, Format Version 12.00
# Visual Studio Version 16
VisualStudioVersion = 16.0.29519.87
MinimumVisualStudioVersion = 10.0.40219.1
Project("{FAE04EC0-301F-11D3-BF4B-00C04F79EFBC}") = "App", "App\App.csproj", "{FF083113-3C55-4921-9D43-B611197E8586}"
EndProject
Global
	GlobalSection(SolutionConfigurationPlatforms) = preSolution
		Debug|Any CPU = Debug|Any CPU
		Release|Any CPU = Release|Any CPU
	EndGlobalSection
	GlobalSection(ProjectConfigurationPlatforms) = postSolution
		{FF083113-3C55-4921-9D43-B611197E8586}.Debug|Any CPU.ActiveCfg = Debug|Any CPU
		{FF083113-3C55-4921-9D43-B611197E8586}.Debug|Any CPU.Build.0 = Debug|Any CPU
		{FF083113-3C55-4921-9D43-B611197E8586}.Release|Any CPU.ActiveCfg = Release|Any CPU
		{FF083113-3C55-4921-9D43-B611197E8586}.Release|Any CPU.Build.0 = Release|Any CPU
	EndGlobalSection
	GlobalSection(SolutionProperties) = preSolution
		HideSolutionNode = FALSE
	EndGlobalSection
	GlobalSection(ExtensibilityGlobals) = postSolution
		SolutionGuid = {8B54E64B-2C12-4811-83EF-8CE733A02500}
	EndGlobalSection
EndGlobal
